
Microsoft Visual Studio Solution File, Format Version 12.00
# Visual Studio Version 17
VisualStudioVersion = 17.6.33815.320
MinimumVisualStudioVersion = 10.0.40219.1
Project("{FAE04EC0-301F-11D3-BF4B-00C04F79EFBC}") = "Evaluacion2.Server", "Evaluacion2\Server\Evaluacion2.Server.csproj", "{E864435F-542C-444D-BB40-32CA1106C23C}"
EndProject
Project("{FAE04EC0-301F-11D3-BF4B-00C04F79EFBC}") = "Evaluacion2.Client", "Evaluacion2\Client\Evaluacion2.Client.csproj", "{2BB5D16E-B49F-4DC5-AB94-E58784D048A5}"
EndProject
Project("{FAE04EC0-301F-11D3-BF4B-00C04F79EFBC}") = "Evaluacion2.Shared", "Evaluacion2\Shared\Evaluacion2.Shared.csproj", "{D1F630D6-A87E-443C-BB57-93271C112D1E}"
EndProject
Project("{FAE04EC0-301F-11D3-BF4B-00C04F79EFBC}") = "Evaluacion2.BD", "Evaluacion2.BD\Evaluacion2.BD.csproj", "{2F5EA71E-765F-45B1-B293-D916F1C15272}"
EndProject
Global
	GlobalSection(SolutionConfigurationPlatforms) = preSolution
		Debug|Any CPU = Debug|Any CPU
		Release|Any CPU = Release|Any CPU
	EndGlobalSection
	GlobalSection(ProjectConfigurationPlatforms) = postSolution
		{E864435F-542C-444D-BB40-32CA1106C23C}.Debug|Any CPU.ActiveCfg = Debug|Any CPU
		{E864435F-542C-444D-BB40-32CA1106C23C}.Debug|Any CPU.Build.0 = Debug|Any CPU
		{E864435F-542C-444D-BB40-32CA1106C23C}.Release|Any CPU.ActiveCfg = Release|Any CPU
		{E864435F-542C-444D-BB40-32CA1106C23C}.Release|Any CPU.Build.0 = Release|Any CPU
		{2BB5D16E-B49F-4DC5-AB94-E58784D048A5}.Debug|Any CPU.ActiveCfg = Debug|Any CPU
		{2BB5D16E-B49F-4DC5-AB94-E58784D048A5}.Debug|Any CPU.Build.0 = Debug|Any CPU
		{2BB5D16E-B49F-4DC5-AB94-E58784D048A5}.Release|Any CPU.ActiveCfg = Release|Any CPU
		{2BB5D16E-B49F-4DC5-AB94-E58784D048A5}.Release|Any CPU.Build.0 = Release|Any CPU
		{D1F630D6-A87E-443C-BB57-93271C112D1E}.Debug|Any CPU.ActiveCfg = Debug|Any CPU
		{D1F630D6-A87E-443C-BB57-93271C112D1E}.Debug|Any CPU.Build.0 = Debug|Any CPU
		{D1F630D6-A87E-443C-BB57-93271C112D1E}.Release|Any CPU.ActiveCfg = Release|Any CPU
		{D1F630D6-A87E-443C-BB57-93271C112D1E}.Release|Any CPU.Build.0 = Release|Any CPU
		{2F5EA71E-765F-45B1-B293-D916F1C15272}.Debug|Any CPU.ActiveCfg = Debug|Any CPU
		{2F5EA71E-765F-45B1-B293-D916F1C15272}.Debug|Any CPU.Build.0 = Debug|Any CPU
		{2F5EA71E-765F-45B1-B293-D916F1C15272}.Release|Any CPU.ActiveCfg = Release|Any CPU
		{2F5EA71E-765F-45B1-B293-D916F1C15272}.Release|Any CPU.Build.0 = Release|Any CPU
	EndGlobalSection
	GlobalSection(SolutionProperties) = preSolution
		HideSolutionNode = FALSE
	EndGlobalSection
	GlobalSection(ExtensibilityGlobals) = postSolution
		SolutionGuid = {82B08E6D-CDF2-40DB-8559-2F658F122D33}
	EndGlobalSection
EndGlobal
